
Microsoft Visual Studio Solution File, Format Version 12.00
# Visual Studio 15
VisualStudioVersion = 15.0.27703.2042
MinimumVisualStudioVersion = 10.0.40219.1
Project("{FAE04EC0-301F-11D3-BF4B-00C04F79EFBC}") = "EntityFrameworkCalismalari", "EntityFrameworkCalismalari\EntityFrameworkCalismalari.csproj", "{1FCE9FD5-3723-4344-BFD2-68C37BA37871}"
EndProject
Global
	GlobalSection(SolutionConfigurationPlatforms) = preSolution
		Debug|Any CPU = Debug|Any CPU
		Release|Any CPU = Release|Any CPU
	EndGlobalSection
	GlobalSection(ProjectConfigurationPlatforms) = postSolution
		{1FCE9FD5-3723-4344-BFD2-68C37BA37871}.Debug|Any CPU.ActiveCfg = Debug|Any CPU
		{1FCE9FD5-3723-4344-BFD2-68C37BA37871}.Debug|Any CPU.Build.0 = Debug|Any CPU
		{1FCE9FD5-3723-4344-BFD2-68C37BA37871}.Release|Any CPU.ActiveCfg = Release|Any CPU
		{1FCE9FD5-3723-4344-BFD2-68C37BA37871}.Release|Any CPU.Build.0 = Release|Any CPU
	EndGlobalSection
	GlobalSection(SolutionProperties) = preSolution
		HideSolutionNode = FALSE
	EndGlobalSection
	GlobalSection(ExtensibilityGlobals) = postSolution
		SolutionGuid = {4223079F-4FF4-4F9F-AADE-319B8765F423}
	EndGlobalSection
EndGlobal
